{
  "name": "@complexthings/superpowers-agent",
  "version": "8.1.0",
  "lockfileVersion": 3,
  "requires": true,
  "packages": {
    "": {
      "name": "@complexthings/superpowers-agent",
      "version": "8.1.0",
      "hasInstallScript": true,
      "license": "MIT",
      "bin": {
        "superpowers": ".agents/superpowers-agent",
        "superpowers-agent": ".agents/superpowers-agent"
      },
      "engines": {
        "node": ">=18"
      }
    }
  }
}
